
Microsoft Visual Studio Solution File, Format Version 12.00
# Visual Studio Version 16
VisualStudioVersion = 16.0.30114.105
MinimumVisualStudioVersion = 10.0.40219.1
Project("{FAE04EC0-301F-11D3-BF4B-00C04F79EFBC}") = "TradingBot", "TradingBot\TradingBot.csproj", "{CBDF1AC0-87DD-45E8-BB4B-A329DAFCBCF0}"
EndProject
Project("{FAE04EC0-301F-11D3-BF4B-00C04F79EFBC}") = "TradingBotTests", "TradingBotTests\TradingBotTests.csproj", "{27D653B4-4DB2-4ACA-B62B-AF99B028C4BB}"
EndProject
Project("{FAE04EC0-301F-11D3-BF4B-00C04F79EFBC}") = "TradingBotExample", "TradingBotExample\TradingBotExample.csproj", "{22D8F648-D7EE-4A75-A7DC-09D5442FBCFC}"
EndProject
Project("{FAE04EC0-301F-11D3-BF4B-00C04F79EFBC}") = "TelegramAdvisor", "TelegramAdvisor\TelegramAdvisor.csproj", "{9183F87E-FD5D-456C-B3A8-DC3DAE39112E}"
EndProject
Global
	GlobalSection(SolutionConfigurationPlatforms) = preSolution
		Debug|Any CPU = Debug|Any CPU
		Debug|x64 = Debug|x64
		Debug|x86 = Debug|x86
		Release|Any CPU = Release|Any CPU
		Release|x64 = Release|x64
		Release|x86 = Release|x86
	EndGlobalSection
	GlobalSection(SolutionProperties) = preSolution
		HideSolutionNode = FALSE
	EndGlobalSection
	GlobalSection(ProjectConfigurationPlatforms) = postSolution
		{CBDF1AC0-87DD-45E8-BB4B-A329DAFCBCF0}.Debug|Any CPU.ActiveCfg = Debug|Any CPU
		{CBDF1AC0-87DD-45E8-BB4B-A329DAFCBCF0}.Debug|Any CPU.Build.0 = Debug|Any CPU
		{CBDF1AC0-87DD-45E8-BB4B-A329DAFCBCF0}.Debug|x64.ActiveCfg = Debug|Any CPU
		{CBDF1AC0-87DD-45E8-BB4B-A329DAFCBCF0}.Debug|x64.Build.0 = Debug|Any CPU
		{CBDF1AC0-87DD-45E8-BB4B-A329DAFCBCF0}.Debug|x86.ActiveCfg = Debug|Any CPU
		{CBDF1AC0-87DD-45E8-BB4B-A329DAFCBCF0}.Debug|x86.Build.0 = Debug|Any CPU
		{CBDF1AC0-87DD-45E8-BB4B-A329DAFCBCF0}.Release|Any CPU.ActiveCfg = Release|Any CPU
		{CBDF1AC0-87DD-45E8-BB4B-A329DAFCBCF0}.Release|Any CPU.Build.0 = Release|Any CPU
		{CBDF1AC0-87DD-45E8-BB4B-A329DAFCBCF0}.Release|x64.ActiveCfg = Release|Any CPU
		{CBDF1AC0-87DD-45E8-BB4B-A329DAFCBCF0}.Release|x64.Build.0 = Release|Any CPU
		{CBDF1AC0-87DD-45E8-BB4B-A329DAFCBCF0}.Release|x86.ActiveCfg = Release|Any CPU
		{CBDF1AC0-87DD-45E8-BB4B-A329DAFCBCF0}.Release|x86.Build.0 = Release|Any CPU
		{27D653B4-4DB2-4ACA-B62B-AF99B028C4BB}.Debug|Any CPU.ActiveCfg = Debug|Any CPU
		{27D653B4-4DB2-4ACA-B62B-AF99B028C4BB}.Debug|Any CPU.Build.0 = Debug|Any CPU
		{27D653B4-4DB2-4ACA-B62B-AF99B028C4BB}.Debug|x64.ActiveCfg = Debug|Any CPU
		{27D653B4-4DB2-4ACA-B62B-AF99B028C4BB}.Debug|x64.Build.0 = Debug|Any CPU
		{27D653B4-4DB2-4ACA-B62B-AF99B028C4BB}.Debug|x86.ActiveCfg = Debug|Any CPU
		{27D653B4-4DB2-4ACA-B62B-AF99B028C4BB}.Debug|x86.Build.0 = Debug|Any CPU
		{27D653B4-4DB2-4ACA-B62B-AF99B028C4BB}.Release|Any CPU.ActiveCfg = Release|Any CPU
		{27D653B4-4DB2-4ACA-B62B-AF99B028C4BB}.Release|Any CPU.Build.0 = Release|Any CPU
		{27D653B4-4DB2-4ACA-B62B-AF99B028C4BB}.Release|x64.ActiveCfg = Release|Any CPU
		{27D653B4-4DB2-4ACA-B62B-AF99B028C4BB}.Release|x64.Build.0 = Release|Any CPU
		{27D653B4-4DB2-4ACA-B62B-AF99B028C4BB}.Release|x86.ActiveCfg = Release|Any CPU
		{27D653B4-4DB2-4ACA-B62B-AF99B028C4BB}.Release|x86.Build.0 = Release|Any CPU
		{22D8F648-D7EE-4A75-A7DC-09D5442FBCFC}.Debug|Any CPU.ActiveCfg = Debug|Any CPU
		{22D8F648-D7EE-4A75-A7DC-09D5442FBCFC}.Debug|Any CPU.Build.0 = Debug|Any CPU
		{22D8F648-D7EE-4A75-A7DC-09D5442FBCFC}.Debug|x64.ActiveCfg = Debug|Any CPU
		{22D8F648-D7EE-4A75-A7DC-09D5442FBCFC}.Debug|x64.Build.0 = Debug|Any CPU
		{22D8F648-D7EE-4A75-A7DC-09D5442FBCFC}.Debug|x86.ActiveCfg = Debug|Any CPU
		{22D8F648-D7EE-4A75-A7DC-09D5442FBCFC}.Debug|x86.Build.0 = Debug|Any CPU
		{22D8F648-D7EE-4A75-A7DC-09D5442FBCFC}.Release|Any CPU.ActiveCfg = Release|Any CPU
		{22D8F648-D7EE-4A75-A7DC-09D5442FBCFC}.Release|Any CPU.Build.0 = Release|Any CPU
		{22D8F648-D7EE-4A75-A7DC-09D5442FBCFC}.Release|x64.ActiveCfg = Release|Any CPU
		{22D8F648-D7EE-4A75-A7DC-09D5442FBCFC}.Release|x64.Build.0 = Release|Any CPU
		{22D8F648-D7EE-4A75-A7DC-09D5442FBCFC}.Release|x86.ActiveCfg = Release|Any CPU
		{22D8F648-D7EE-4A75-A7DC-09D5442FBCFC}.Release|x86.Build.0 = Release|Any CPU
		{9183F87E-FD5D-456C-B3A8-DC3DAE39112E}.Debug|Any CPU.ActiveCfg = Debug|Any CPU
		{9183F87E-FD5D-456C-B3A8-DC3DAE39112E}.Debug|Any CPU.Build.0 = Debug|Any CPU
		{9183F87E-FD5D-456C-B3A8-DC3DAE39112E}.Debug|x64.ActiveCfg = Debug|Any CPU
		{9183F87E-FD5D-456C-B3A8-DC3DAE39112E}.Debug|x64.Build.0 = Debug|Any CPU
		{9183F87E-FD5D-456C-B3A8-DC3DAE39112E}.Debug|x86.ActiveCfg = Debug|Any CPU
		{9183F87E-FD5D-456C-B3A8-DC3DAE39112E}.Debug|x86.Build.0 = Debug|Any CPU
		{9183F87E-FD5D-456C-B3A8-DC3DAE39112E}.Release|Any CPU.ActiveCfg = Release|Any CPU
		{9183F87E-FD5D-456C-B3A8-DC3DAE39112E}.Release|Any CPU.Build.0 = Release|Any CPU
		{9183F87E-FD5D-456C-B3A8-DC3DAE39112E}.Release|x64.ActiveCfg = Release|Any CPU
		{9183F87E-FD5D-456C-B3A8-DC3DAE39112E}.Release|x64.Build.0 = Release|Any CPU
		{9183F87E-FD5D-456C-B3A8-DC3DAE39112E}.Release|x86.ActiveCfg = Release|Any CPU
		{9183F87E-FD5D-456C-B3A8-DC3DAE39112E}.Release|x86.Build.0 = Release|Any CPU
	EndGlobalSection
EndGlobal
